// !$*UTF8*$!
{
	archiveVersion = 1;
	classes = {
	};
	objectVersion = 51;
	objects = {

/* Begin PBXBuildFile section */
		626F7CB25D0B123FA63FF5C3 /* Pods_InteractiveVideoPlayer.framework in Frameworks */ = {isa = PBXBuildFile; fileRef = 926DE10D80F41C7E0F71674A /* Pods_InteractiveVideoPlayer.framework */; };
		F832557A276B7D60000650B0 /* AppDelegate.swift in Sources */ = {isa = PBXBuildFile; fileRef = F8325579276B7D60000650B0 /* AppDelegate.swift */; };
		F832557E276B7D60000650B0 /* Assets.xcassets in Resources */ = {isa = PBXBuildFile; fileRef = F832557D276B7D60000650B0 /* Assets.xcassets */; };
		F8325581276B7D60000650B0 /* LaunchScreen.storyboard in Resources */ = {isa = PBXBuildFile; fileRef = F832557F276B7D60000650B0 /* LaunchScreen.storyboard */; };
		F83255A3276B93AA000650B0 /* Bindable.swift in Sources */ = {isa = PBXBuildFile; fileRef = F83255A2276B93AA000650B0 /* Bindable.swift */; };
		F83255A6276B93C9000650B0 /* Logger.swift in Sources */ = {isa = PBXBuildFile; fileRef = F83255A5276B93C9000650B0 /* Logger.swift */; };
		F83255D3276B977E000650B0 /* ImageAssets.swift in Sources */ = {isa = PBXBuildFile; fileRef = F83255D2276B977E000650B0 /* ImageAssets.swift */; };
		F83255D6276B9963000650B0 /* AtomicWrapper.swift in Sources */ = {isa = PBXBuildFile; fileRef = F83255D5276B9963000650B0 /* AtomicWrapper.swift */; };
		F83255D9276B99EE000650B0 /* LateInit.swift in Sources */ = {isa = PBXBuildFile; fileRef = F83255D8276B99EE000650B0 /* LateInit.swift */; };
		F83255DC276B9E9F000650B0 /* AnyPublisher+Helper.swift in Sources */ = {isa = PBXBuildFile; fileRef = F83255DB276B9E9F000650B0 /* AnyPublisher+Helper.swift */; };
		F83255DF276B9F08000650B0 /* UIImage+Extension.swift in Sources */ = {isa = PBXBuildFile; fileRef = F83255DE276B9F08000650B0 /* UIImage+Extension.swift */; };
		F83255E2276B9F58000650B0 /* DispatchQueue+Extensions.swift in Sources */ = {isa = PBXBuildFile; fileRef = F83255E1276B9F58000650B0 /* DispatchQueue+Extensions.swift */; };
		F83255EB276BA14B000650B0 /* VideoPlayerViewController.swift in Sources */ = {isa = PBXBuildFile; fileRef = F83255EA276BA14B000650B0 /* VideoPlayerViewController.swift */; };
		F83255F3276BA653000650B0 /* VideoPlayerViewModel.swift in Sources */ = {isa = PBXBuildFile; fileRef = F83255F2276BA653000650B0 /* VideoPlayerViewModel.swift */; };
		F83255F7276BA80E000650B0 /* VideoControlView.swift in Sources */ = {isa = PBXBuildFile; fileRef = F83255F6276BA80E000650B0 /* VideoControlView.swift */; };
		F83255FB276BA818000650B0 /* VideoControlView.xib in Resources */ = {isa = PBXBuildFile; fileRef = F83255FA276BA818000650B0 /* VideoControlView.xib */; };
		F83255FE276BA854000650B0 /* UIView+Nib.swift in Sources */ = {isa = PBXBuildFile; fileRef = F83255FD276BA854000650B0 /* UIView+Nib.swift */; };
		F8325601276BBBDA000650B0 /* NiblessViewController.swift in Sources */ = {isa = PBXBuildFile; fileRef = F8325600276BBBDA000650B0 /* NiblessViewController.swift */; };
		F8325604276BC4F3000650B0 /* AppImages.swift in Sources */ = {isa = PBXBuildFile; fileRef = F8325603276BC4F3000650B0 /* AppImages.swift */; };
		F832560B276BD703000650B0 /* VideoPlayerProvider.swift in Sources */ = {isa = PBXBuildFile; fileRef = F832560A276BD703000650B0 /* VideoPlayerProvider.swift */; };
		F832560F276BD794000650B0 /* Result+Extension.swift in Sources */ = {isa = PBXBuildFile; fileRef = F832560E276BD794000650B0 /* Result+Extension.swift */; };
		F8325613276BD84C000650B0 /* AVVideoPlayerProvider.swift in Sources */ = {isa = PBXBuildFile; fileRef = F8325612276BD84C000650B0 /* AVVideoPlayerProvider.swift */; };
/* End PBXBuildFile section */

/* Begin PBXFileReference section */
		37AF56DD219AE555A0DFDBB1 /* Pods-InteractiveVideoPlayer.debug.xcconfig */ = {isa = PBXFileReference; includeInIndex = 1; lastKnownFileType = text.xcconfig; name = "Pods-InteractiveVideoPlayer.debug.xcconfig"; path = "Target Support Files/Pods-InteractiveVideoPlayer/Pods-InteractiveVideoPlayer.debug.xcconfig"; sourceTree = "<group>"; };
		926DE10D80F41C7E0F71674A /* Pods_InteractiveVideoPlayer.framework */ = {isa = PBXFileReference; explicitFileType = wrapper.framework; includeInIndex = 0; path = Pods_InteractiveVideoPlayer.framework; sourceTree = BUILT_PRODUCTS_DIR; };
		96CA801A2A51DD203AC048E7 /* Pods-InteractiveVideoPlayer.release.xcconfig */ = {isa = PBXFileReference; includeInIndex = 1; lastKnownFileType = text.xcconfig; name = "Pods-InteractiveVideoPlayer.release.xcconfig"; path = "Target Support Files/Pods-InteractiveVideoPlayer/Pods-InteractiveVideoPlayer.release.xcconfig"; sourceTree = "<group>"; };
		F8325576276B7D60000650B0 /* InteractiveVideoPlayer.app */ = {isa = PBXFileReference; explicitFileType = wrapper.application; includeInIndex = 0; path = InteractiveVideoPlayer.app; sourceTree = BUILT_PRODUCTS_DIR; };
		F8325579276B7D60000650B0 /* AppDelegate.swift */ = {isa = PBXFileReference; lastKnownFileType = sourcecode.swift; path = AppDelegate.swift; sourceTree = "<group>"; };
		F832557D276B7D60000650B0 /* Assets.xcassets */ = {isa = PBXFileReference; lastKnownFileType = folder.assetcatalog; path = Assets.xcassets; sourceTree = "<group>"; };
		F8325580276B7D60000650B0 /* Base */ = {isa = PBXFileReference; lastKnownFileType = file.storyboard; name = Base; path = Base.lproj/LaunchScreen.storyboard; sourceTree = "<group>"; };
		F8325582276B7D60000650B0 /* Info.plist */ = {isa = PBXFileReference; lastKnownFileType = text.plist.xml; path = Info.plist; sourceTree = "<group>"; };
		F83255A2276B93AA000650B0 /* Bindable.swift */ = {isa = PBXFileReference; lastKnownFileType = sourcecode.swift; path = Bindable.swift; sourceTree = "<group>"; };
		F83255A5276B93C9000650B0 /* Logger.swift */ = {isa = PBXFileReference; lastKnownFileType = sourcecode.swift; path = Logger.swift; sourceTree = "<group>"; };
		F83255D2276B977E000650B0 /* ImageAssets.swift */ = {isa = PBXFileReference; lastKnownFileType = sourcecode.swift; path = ImageAssets.swift; sourceTree = "<group>"; };
		F83255D5276B9963000650B0 /* AtomicWrapper.swift */ = {isa = PBXFileReference; lastKnownFileType = sourcecode.swift; path = AtomicWrapper.swift; sourceTree = "<group>"; };
		F83255D8276B99EE000650B0 /* LateInit.swift */ = {isa = PBXFileReference; lastKnownFileType = sourcecode.swift; path = LateInit.swift; sourceTree = "<group>"; };
		F83255DB276B9E9F000650B0 /* AnyPublisher+Helper.swift */ = {isa = PBXFileReference; lastKnownFileType = sourcecode.swift; path = "AnyPublisher+Helper.swift"; sourceTree = "<group>"; };
		F83255DE276B9F08000650B0 /* UIImage+Extension.swift */ = {isa = PBXFileReference; lastKnownFileType = sourcecode.swift; path = "UIImage+Extension.swift"; sourceTree = "<group>"; };
		F83255E1276B9F58000650B0 /* DispatchQueue+Extensions.swift */ = {isa = PBXFileReference; lastKnownFileType = sourcecode.swift; path = "DispatchQueue+Extensions.swift"; sourceTree = "<group>"; };
		F83255EA276BA14B000650B0 /* VideoPlayerViewController.swift */ = {isa = PBXFileReference; lastKnownFileType = sourcecode.swift; path = VideoPlayerViewController.swift; sourceTree = "<group>"; };
		F83255F2276BA653000650B0 /* VideoPlayerViewModel.swift */ = {isa = PBXFileReference; lastKnownFileType = sourcecode.swift; path = VideoPlayerViewModel.swift; sourceTree = "<group>"; };
		F83255F6276BA80E000650B0 /* VideoControlView.swift */ = {isa = PBXFileReference; lastKnownFileType = sourcecode.swift; path = VideoControlView.swift; sourceTree = "<group>"; };
		F83255FA276BA818000650B0 /* VideoControlView.xib */ = {isa = PBXFileReference; lastKnownFileType = file.xib; path = VideoControlView.xib; sourceTree = "<group>"; };
		F83255FD276BA854000650B0 /* UIView+Nib.swift */ = {isa = PBXFileReference; lastKnownFileType = sourcecode.swift; path = "UIView+Nib.swift"; sourceTree = "<group>"; };
		F8325600276BBBDA000650B0 /* NiblessViewController.swift */ = {isa = PBXFileReference; lastKnownFileType = sourcecode.swift; path = NiblessViewController.swift; sourceTree = "<group>"; };
		F8325603276BC4F3000650B0 /* AppImages.swift */ = {isa = PBXFileReference; lastKnownFileType = sourcecode.swift; path = AppImages.swift; sourceTree = "<group>"; };
		F832560A276BD703000650B0 /* VideoPlayerProvider.swift */ = {isa = PBXFileReference; lastKnownFileType = sourcecode.swift; path = VideoPlayerProvider.swift; sourceTree = "<group>"; };
		F832560E276BD794000650B0 /* Result+Extension.swift */ = {isa = PBXFileReference; lastKnownFileType = sourcecode.swift; path = "Result+Extension.swift"; sourceTree = "<group>"; };
		F8325612276BD84C000650B0 /* AVVideoPlayerProvider.swift */ = {isa = PBXFileReference; lastKnownFileType = sourcecode.swift; path = AVVideoPlayerProvider.swift; sourceTree = "<group>"; };
/* End PBXFileReference section */

/* Begin PBXFrameworksBuildPhase section */
		F8325573276B7D60000650B0 /* Frameworks */ = {
			isa = PBXFrameworksBuildPhase;
			buildActionMask = 2147483647;
			files = (
				626F7CB25D0B123FA63FF5C3 /* Pods_InteractiveVideoPlayer.framework in Frameworks */,
			);
			runOnlyForDeploymentPostprocessing = 0;
		};
/* End PBXFrameworksBuildPhase section */

/* Begin PBXGroup section */
		46912D4BC83E33160D7C2281 /* Frameworks */ = {
			isa = PBXGroup;
			children = (
				926DE10D80F41C7E0F71674A /* Pods_InteractiveVideoPlayer.framework */,
			);
			name = Frameworks;
			sourceTree = "<group>";
		};
		DBEA0EAB40B02BE6406D0308 /* Pods */ = {
			isa = PBXGroup;
			children = (
				37AF56DD219AE555A0DFDBB1 /* Pods-InteractiveVideoPlayer.debug.xcconfig */,
				96CA801A2A51DD203AC048E7 /* Pods-InteractiveVideoPlayer.release.xcconfig */,
			);
			path = Pods;
			sourceTree = "<group>";
		};
		F832556D276B7D60000650B0 = {
			isa = PBXGroup;
			children = (
				F8325578276B7D60000650B0 /* InteractiveVideoPlayer */,
				F8325577276B7D60000650B0 /* Products */,
				DBEA0EAB40B02BE6406D0308 /* Pods */,
				46912D4BC83E33160D7C2281 /* Frameworks */,
			);
			sourceTree = "<group>";
		};
		F8325577276B7D60000650B0 /* Products */ = {
			isa = PBXGroup;
			children = (
				F8325576276B7D60000650B0 /* InteractiveVideoPlayer.app */,
			);
			name = Products;
			sourceTree = "<group>";
		};
		F8325578276B7D60000650B0 /* InteractiveVideoPlayer */ = {
			isa = PBXGroup;
			children = (
				F8325598276B899D000650B0 /* Classes */,
				F8325599276B89A3000650B0 /* Resources */,
				F8325603276BC4F3000650B0 /* AppImages.swift */,
				F8325579276B7D60000650B0 /* AppDelegate.swift */,
				F8325582276B7D60000650B0 /* Info.plist */,
			);
			path = InteractiveVideoPlayer;
			sourceTree = "<group>";
		};
		F8325598276B899D000650B0 /* Classes */ = {
			isa = PBXGroup;
			children = (
				F832559B276B8ABB000650B0 /* Presentation */,
				F832559C276B8AC5000650B0 /* Domain */,
				F832559D276B8AD1000650B0 /* Data Layer */,
				F832559F276B8B69000650B0 /* Utilites */,
				F832559E276B8B61000650B0 /* Extensions */,
			);
			path = Classes;
			sourceTree = "<group>";
		};
		F8325599276B89A3000650B0 /* Resources */ = {
			isa = PBXGroup;
			children = (
				F832557F276B7D60000650B0 /* LaunchScreen.storyboard */,
				F832557D276B7D60000650B0 /* Assets.xcassets */,
			);
			path = Resources;
			sourceTree = "<group>";
		};
		F832559B276B8ABB000650B0 /* Presentation */ = {
			isa = PBXGroup;
			children = (
				F83255E7276BA100000650B0 /* VideoPlayer */,
			);
			path = Presentation;
			sourceTree = "<group>";
		};
		F832559C276B8AC5000650B0 /* Domain */ = {
			isa = PBXGroup;
			children = (
			);
			path = Domain;
			sourceTree = "<group>";
		};
		F832559D276B8AD1000650B0 /* Data Layer */ = {
			isa = PBXGroup;
			children = (
				F8325609276BD6AC000650B0 /* Player */,
			);
			path = "Data Layer";
			sourceTree = "<group>";
		};
		F832559E276B8B61000650B0 /* Extensions */ = {
			isa = PBXGroup;
			children = (
				F83255DB276B9E9F000650B0 /* AnyPublisher+Helper.swift */,
				F83255DE276B9F08000650B0 /* UIImage+Extension.swift */,
				F83255E1276B9F58000650B0 /* DispatchQueue+Extensions.swift */,
				F83255FD276BA854000650B0 /* UIView+Nib.swift */,
				F832560E276BD794000650B0 /* Result+Extension.swift */,
			);
			path = Extensions;
			sourceTree = "<group>";
		};
		F832559F276B8B69000650B0 /* Utilites */ = {
			isa = PBXGroup;
			children = (
				F83255A2276B93AA000650B0 /* Bindable.swift */,
				F83255A5276B93C9000650B0 /* Logger.swift */,
				F83255D2276B977E000650B0 /* ImageAssets.swift */,
				F83255D5276B9963000650B0 /* AtomicWrapper.swift */,
				F83255D8276B99EE000650B0 /* LateInit.swift */,
				F8325600276BBBDA000650B0 /* NiblessViewController.swift */,
			);
			path = Utilites;
			sourceTree = "<group>";
		};
		F83255E7276BA100000650B0 /* VideoPlayer */ = {
			isa = PBXGroup;
			children = (
				F83255F5276BA7F6000650B0 /* Views */,
				F83255E9276BA113000650B0 /* Controllers */,
				F83255E8276BA10C000650B0 /* ViewModels */,
			);
			path = VideoPlayer;
			sourceTree = "<group>";
		};
		F83255E8276BA10C000650B0 /* ViewModels */ = {
			isa = PBXGroup;
			children = (
				F83255F2276BA653000650B0 /* VideoPlayerViewModel.swift */,
			);
			path = ViewModels;
			sourceTree = "<group>";
		};
		F83255E9276BA113000650B0 /* Controllers */ = {
			isa = PBXGroup;
			children = (
				F83255EA276BA14B000650B0 /* VideoPlayerViewController.swift */,
			);
			path = Controllers;
			sourceTree = "<group>";
		};
		F83255F5276BA7F6000650B0 /* Views */ = {
			isa = PBXGroup;
			children = (
				F83255F6276BA80E000650B0 /* VideoControlView.swift */,
				F83255FA276BA818000650B0 /* VideoControlView.xib */,
			);
			path = Views;
			sourceTree = "<group>";
		};
		F8325609276BD6AC000650B0 /* Player */ = {
			isa = PBXGroup;
			children = (
				F832560A276BD703000650B0 /* VideoPlayerProvider.swift */,
				F8325612276BD84C000650B0 /* AVVideoPlayerProvider.swift */,
			);
			path = Player;
			sourceTree = "<group>";
		};
/* End PBXGroup section */

/* Begin PBXNativeTarget section */
		F8325575276B7D60000650B0 /* InteractiveVideoPlayer */ = {
			isa = PBXNativeTarget;
			buildConfigurationList = F8325585276B7D60000650B0 /* Build configuration list for PBXNativeTarget "InteractiveVideoPlayer" */;
			buildPhases = (
				BDEE7D9CCD52BBF4CFD05E64 /* [CP] Check Pods Manifest.lock */,
				F8325572276B7D60000650B0 /* Sources */,
				F8325573276B7D60000650B0 /* Frameworks */,
				F8325574276B7D60000650B0 /* Resources */,
				2AE0B8578EEC1E473DD8F77A /* [CP] Embed Pods Frameworks */,
				F8325596276B8898000650B0 /* Swift Run Script */,
			);
			buildRules = (
			);
			dependencies = (
			);
			name = InteractiveVideoPlayer;
			productName = InteractiveVideoPlayer;
			productReference = F8325576276B7D60000650B0 /* InteractiveVideoPlayer.app */;
			productType = "com.apple.product-type.application";
		};
/* End PBXNativeTarget section */

/* Begin PBXProject section */
		F832556E276B7D60000650B0 /* Project object */ = {
			isa = PBXProject;
			attributes = {
				LastSwiftUpdateCheck = 1220;
				LastUpgradeCheck = 1220;
				TargetAttributes = {
					F8325575276B7D60000650B0 = {
						CreatedOnToolsVersion = 12.2;
					};
				};
			};
			buildConfigurationList = F8325571276B7D60000650B0 /* Build configuration list for PBXProject "InteractiveVideoPlayer" */;
			compatibilityVersion = "Xcode 9.3";
			developmentRegion = en;
			hasScannedForEncodings = 0;
			knownRegions = (
				en,
				Base,
			);
			mainGroup = F832556D276B7D60000650B0;
			productRefGroup = F8325577276B7D60000650B0 /* Products */;
			projectDirPath = "";
			projectRoot = "";
			targets = (
				F8325575276B7D60000650B0 /* InteractiveVideoPlayer */,
			);
		};
/* End PBXProject section */

/* Begin PBXResourcesBuildPhase section */
		F8325574276B7D60000650B0 /* Resources */ = {
			isa = PBXResourcesBuildPhase;
			buildActionMask = 2147483647;
			files = (
				F832557E276B7D60000650B0 /* Assets.xcassets in Resources */,
				F8325581276B7D60000650B0 /* LaunchScreen.storyboard in Resources */,
				F83255FB276BA818000650B0 /* VideoControlView.xib in Resources */,
			);
			runOnlyForDeploymentPostprocessing = 0;
		};
/* End PBXResourcesBuildPhase section */

/* Begin PBXShellScriptBuildPhase section */
		2AE0B8578EEC1E473DD8F77A /* [CP] Embed Pods Frameworks */ = {
			isa = PBXShellScriptBuildPhase;
			buildActionMask = 2147483647;
			files = (
			);
			inputFileListPaths = (
				"${PODS_ROOT}/Target Support Files/Pods-InteractiveVideoPlayer/Pods-InteractiveVideoPlayer-frameworks-${CONFIGURATION}-input-files.xcfilelist",
			);
			name = "[CP] Embed Pods Frameworks";
			outputFileListPaths = (
				"${PODS_ROOT}/Target Support Files/Pods-InteractiveVideoPlayer/Pods-InteractiveVideoPlayer-frameworks-${CONFIGURATION}-output-files.xcfilelist",
			);
			runOnlyForDeploymentPostprocessing = 0;
			shellPath = /bin/sh;
			shellScript = "\"${PODS_ROOT}/Target Support Files/Pods-InteractiveVideoPlayer/Pods-InteractiveVideoPlayer-frameworks.sh\"\n";
			showEnvVarsInLog = 0;
		};
		BDEE7D9CCD52BBF4CFD05E64 /* [CP] Check Pods Manifest.lock */ = {
			isa = PBXShellScriptBuildPhase;
			buildActionMask = 2147483647;
			files = (
			);
			inputFileListPaths = (
			);
			inputPaths = (
				"${PODS_PODFILE_DIR_PATH}/Podfile.lock",
				"${PODS_ROOT}/Manifest.lock",
			);
			name = "[CP] Check Pods Manifest.lock";
			outputFileListPaths = (
			);
			outputPaths = (
				"$(DERIVED_FILE_DIR)/Pods-InteractiveVideoPlayer-checkManifestLockResult.txt",
			);
			runOnlyForDeploymentPostprocessing = 0;
			shellPath = /bin/sh;
			shellScript = "diff \"${PODS_PODFILE_DIR_PATH}/Podfile.lock\" \"${PODS_ROOT}/Manifest.lock\" > /dev/null\nif [ $? != 0 ] ; then\n    # print error to STDERR\n    echo \"error: The sandbox is not in sync with the Podfile.lock. Run 'pod install' or update your CocoaPods installation.\" >&2\n    exit 1\nfi\n# This output is used by Xcode 'outputs' to avoid re-running this script phase.\necho \"SUCCESS\" > \"${SCRIPT_OUTPUT_FILE_0}\"\n";
			showEnvVarsInLog = 0;
		};
		F8325596276B8898000650B0 /* Swift Run Script */ = {
			isa = PBXShellScriptBuildPhase;
			buildActionMask = 2147483647;
			files = (
			);
			inputFileListPaths = (
			);
			inputPaths = (
			);
			name = "Swift Run Script";
			outputFileListPaths = (
			);
			outputPaths = (
			);
			runOnlyForDeploymentPostprocessing = 0;
			shellPath = /bin/sh;
			shellScript = "if which swiftlint >/dev/null; then\n    swiftlint autocorrect\n    swiftlint \nelif which \"${PODS_ROOT}/SwiftLint/swiftlint\" >/dev/null; then\n    echo \"${PODS_ROOT}/SwiftLint/swiftlint autocorrect\"\n    echo \"${PODS_ROOT}/SwiftLint/swiftlint\"\nelse\n    echo \"warning: SwiftLint not installed, download from https://github.com/realm/SwiftLint\"\nfi\n";
		};
/* End PBXShellScriptBuildPhase section */

/* Begin PBXSourcesBuildPhase section */
		F8325572276B7D60000650B0 /* Sources */ = {
			isa = PBXSourcesBuildPhase;
			buildActionMask = 2147483647;
			files = (
				F832560B276BD703000650B0 /* VideoPlayerProvider.swift in Sources */,
				F832560F276BD794000650B0 /* Result+Extension.swift in Sources */,
				F83255D6276B9963000650B0 /* AtomicWrapper.swift in Sources */,
				F83255E2276B9F58000650B0 /* DispatchQueue+Extensions.swift in Sources */,
				F83255F3276BA653000650B0 /* VideoPlayerViewModel.swift in Sources */,
				F83255D9276B99EE000650B0 /* LateInit.swift in Sources */,
				F8325613276BD84C000650B0 /* AVVideoPlayerProvider.swift in Sources */,
				F83255F7276BA80E000650B0 /* VideoControlView.swift in Sources */,
				F83255FE276BA854000650B0 /* UIView+Nib.swift in Sources */,
				F83255DC276B9E9F000650B0 /* AnyPublisher+Helper.swift in Sources */,
				F83255DF276B9F08000650B0 /* UIImage+Extension.swift in Sources */,
				F83255A3276B93AA000650B0 /* Bindable.swift in Sources */,
				F83255A6276B93C9000650B0 /* Logger.swift in Sources */,
				F83255EB276BA14B000650B0 /* VideoPlayerViewController.swift in Sources */,
				F83255D3276B977E000650B0 /* ImageAssets.swift in Sources */,
				F832557A276B7D60000650B0 /* AppDelegate.swift in Sources */,
				F8325604276BC4F3000650B0 /* AppImages.swift in Sources */,
				F8325601276BBBDA000650B0 /* NiblessViewController.swift in Sources */,
			);
			runOnlyForDeploymentPostprocessing = 0;
		};
/* End PBXSourcesBuildPhase section */

/* Begin PBXVariantGroup section */
		F832557F276B7D60000650B0 /* LaunchScreen.storyboard */ = {
			isa = PBXVariantGroup;
			children = (
				F8325580276B7D60000650B0 /* Base */,
			);
			name = LaunchScreen.storyboard;
			sourceTree = "<group>";
		};
/* End PBXVariantGroup section */

/* Begin XCBuildConfiguration section */
		F8325583276B7D60000650B0 /* Debug */ = {
			isa = XCBuildConfiguration;
			buildSettings = {
				ALWAYS_SEARCH_USER_PATHS = NO;
				CLANG_ANALYZER_NONNULL = YES;
				CLANG_ANALYZER_NUMBER_OBJECT_CONVERSION = YES_AGGRESSIVE;
				CLANG_CXX_LANGUAGE_STANDARD = "gnu++14";
				CLANG_CXX_LIBRARY = "libc++";
				CLANG_ENABLE_MODULES = YES;
				CLANG_ENABLE_OBJC_ARC = YES;
				CLANG_ENABLE_OBJC_WEAK = YES;
				CLANG_WARN_BLOCK_CAPTURE_AUTORELEASING = YES;
				CLANG_WARN_BOOL_CONVERSION = YES;
				CLANG_WARN_COMMA = YES;
				CLANG_WARN_CONSTANT_CONVERSION = YES;
				CLANG_WARN_DEPRECATED_OBJC_IMPLEMENTATIONS = YES;
				CLANG_WARN_DIRECT_OBJC_ISA_USAGE = YES_ERROR;
				CLANG_WARN_DOCUMENTATION_COMMENTS = YES;
				CLANG_WARN_EMPTY_BODY = YES;
				CLANG_WARN_ENUM_CONVERSION = YES;
				CLANG_WARN_INFINITE_RECURSION = YES;
				CLANG_WARN_INT_CONVERSION = YES;
				CLANG_WARN_NON_LITERAL_NULL_CONVERSION = YES;
				CLANG_WARN_OBJC_IMPLICIT_RETAIN_SELF = YES;
				CLANG_WARN_OBJC_LITERAL_CONVERSION = YES;
				CLANG_WARN_OBJC_ROOT_CLASS = YES_ERROR;
				CLANG_WARN_QUOTED_INCLUDE_IN_FRAMEWORK_HEADER = YES;
				CLANG_WARN_RANGE_LOOP_ANALYSIS = YES;
				CLANG_WARN_STRICT_PROTOTYPES = YES;
				CLANG_WARN_SUSPICIOUS_MOVE = YES;
				CLANG_WARN_UNGUARDED_AVAILABILITY = YES_AGGRESSIVE;
				CLANG_WARN_UNREACHABLE_CODE = YES;
				CLANG_WARN__DUPLICATE_METHOD_MATCH = YES;
				COPY_PHASE_STRIP = NO;
				DEBUG_INFORMATION_FORMAT = dwarf;
				ENABLE_STRICT_OBJC_MSGSEND = YES;
				ENABLE_TESTABILITY = YES;
				GCC_C_LANGUAGE_STANDARD = gnu11;
				GCC_DYNAMIC_NO_PIC = NO;
				GCC_NO_COMMON_BLOCKS = YES;
				GCC_OPTIMIZATION_LEVEL = 0;
				GCC_PREPROCESSOR_DEFINITIONS = (
					"DEBUG=1",
					"$(inherited)",
				);
				GCC_WARN_64_TO_32_BIT_CONVERSION = YES;
				GCC_WARN_ABOUT_RETURN_TYPE = YES_ERROR;
				GCC_WARN_UNDECLARED_SELECTOR = YES;
				GCC_WARN_UNINITIALIZED_AUTOS = YES_AGGRESSIVE;
				GCC_WARN_UNUSED_FUNCTION = YES;
				GCC_WARN_UNUSED_VARIABLE = YES;
				IPHONEOS_DEPLOYMENT_TARGET = 14.2;
				MTL_ENABLE_DEBUG_INFO = INCLUDE_SOURCE;
				MTL_FAST_MATH = YES;
				ONLY_ACTIVE_ARCH = YES;
				SDKROOT = iphoneos;
				SWIFT_ACTIVE_COMPILATION_CONDITIONS = DEBUG;
				SWIFT_OPTIMIZATION_LEVEL = "-Onone";
			};
			name = Debug;
		};
		F8325584276B7D60000650B0 /* Release */ = {
			isa = XCBuildConfiguration;
			buildSettings = {
				ALWAYS_SEARCH_USER_PATHS = NO;
				CLANG_ANALYZER_NONNULL = YES;
				CLANG_ANALYZER_NUMBER_OBJECT_CONVERSION = YES_AGGRESSIVE;
				CLANG_CXX_LANGUAGE_STANDARD = "gnu++14";
				CLANG_CXX_LIBRARY = "libc++";
				CLANG_ENABLE_MODULES = YES;
				CLANG_ENABLE_OBJC_ARC = YES;
				CLANG_ENABLE_OBJC_WEAK = YES;
				CLANG_WARN_BLOCK_CAPTURE_AUTORELEASING = YES;
				CLANG_WARN_BOOL_CONVERSION = YES;
				CLANG_WARN_COMMA = YES;
				CLANG_WARN_CONSTANT_CONVERSION = YES;
				CLANG_WARN_DEPRECATED_OBJC_IMPLEMENTATIONS = YES;
				CLANG_WARN_DIRECT_OBJC_ISA_USAGE = YES_ERROR;
				CLANG_WARN_DOCUMENTATION_COMMENTS = YES;
				CLANG_WARN_EMPTY_BODY = YES;
				CLANG_WARN_ENUM_CONVERSION = YES;
				CLANG_WARN_INFINITE_RECURSION = YES;
				CLANG_WARN_INT_CONVERSION = YES;
				CLANG_WARN_NON_LITERAL_NULL_CONVERSION = YES;
				CLANG_WARN_OBJC_IMPLICIT_RETAIN_SELF = YES;
				CLANG_WARN_OBJC_LITERAL_CONVERSION = YES;
				CLANG_WARN_OBJC_ROOT_CLASS = YES_ERROR;
				CLANG_WARN_QUOTED_INCLUDE_IN_FRAMEWORK_HEADER = YES;
				CLANG_WARN_RANGE_LOOP_ANALYSIS = YES;
				CLANG_WARN_STRICT_PROTOTYPES = YES;
				CLANG_WARN_SUSPICIOUS_MOVE = YES;
				CLANG_WARN_UNGUARDED_AVAILABILITY = YES_AGGRESSIVE;
				CLANG_WARN_UNREACHABLE_CODE = YES;
				CLANG_WARN__DUPLICATE_METHOD_MATCH = YES;
				COPY_PHASE_STRIP = NO;
				DEBUG_INFORMATION_FORMAT = "dwarf-with-dsym";
				ENABLE_NS_ASSERTIONS = NO;
				ENABLE_STRICT_OBJC_MSGSEND = YES;
				GCC_C_LANGUAGE_STANDARD = gnu11;
				GCC_NO_COMMON_BLOCKS = YES;
				GCC_WARN_64_TO_32_BIT_CONVERSION = YES;
				GCC_WARN_ABOUT_RETURN_TYPE = YES_ERROR;
				GCC_WARN_UNDECLARED_SELECTOR = YES;
				GCC_WARN_UNINITIALIZED_AUTOS = YES_AGGRESSIVE;
				GCC_WARN_UNUSED_FUNCTION = YES;
				GCC_WARN_UNUSED_VARIABLE = YES;
				IPHONEOS_DEPLOYMENT_TARGET = 14.2;
				MTL_ENABLE_DEBUG_INFO = NO;
				MTL_FAST_MATH = YES;
				SDKROOT = iphoneos;
				SWIFT_COMPILATION_MODE = wholemodule;
				SWIFT_OPTIMIZATION_LEVEL = "-O";
				VALIDATE_PRODUCT = YES;
			};
			name = Release;
		};
		F8325586276B7D60000650B0 /* Debug */ = {
			isa = XCBuildConfiguration;
			baseConfigurationReference = 37AF56DD219AE555A0DFDBB1 /* Pods-InteractiveVideoPlayer.debug.xcconfig */;
			buildSettings = {
				ASSETCATALOG_COMPILER_APPICON_NAME = AppIcon;
				ASSETCATALOG_COMPILER_GLOBAL_ACCENT_COLOR_NAME = AccentColor;
				CODE_SIGN_STYLE = Automatic;
				DEVELOPMENT_TEAM = 638B4QA28J;
				INFOPLIST_FILE = InteractiveVideoPlayer/Info.plist;
				IPHONEOS_DEPLOYMENT_TARGET = 13.0;
				LD_RUNPATH_SEARCH_PATHS = (
					"$(inherited)",
					"@executable_path/Frameworks",
				);
				PRODUCT_BUNDLE_IDENTIFIER = me.ifarshad.InteractiveVideoPlayer;
				PRODUCT_NAME = "$(TARGET_NAME)";
				SWIFT_VERSION = 5.0;
				TARGETED_DEVICE_FAMILY = "1,2";
			};
			name = Debug;
		};
		F8325587276B7D60000650B0 /* Release */ = {
			isa = XCBuildConfiguration;
			baseConfigurationReference = 96CA801A2A51DD203AC048E7 /* Pods-InteractiveVideoPlayer.release.xcconfig */;
			buildSettings = {
				ASSETCATALOG_COMPILER_APPICON_NAME = AppIcon;
				ASSETCATALOG_COMPILER_GLOBAL_ACCENT_COLOR_NAME = AccentColor;
				CODE_SIGN_STYLE = Automatic;
				DEVELOPMENT_TEAM = 638B4QA28J;
				INFOPLIST_FILE = InteractiveVideoPlayer/Info.plist;
				IPHONEOS_DEPLOYMENT_TARGET = 13.0;
				LD_RUNPATH_SEARCH_PATHS = (
					"$(inherited)",
					"@executable_path/Frameworks",
				);
				PRODUCT_BUNDLE_IDENTIFIER = me.ifarshad.InteractiveVideoPlayer;
				PRODUCT_NAME = "$(TARGET_NAME)";
				SWIFT_VERSION = 5.0;
				TARGETED_DEVICE_FAMILY = "1,2";
			};
			name = Release;
		};
/* End XCBuildConfiguration section */

/* Begin XCConfigurationList section */
		F8325571276B7D60000650B0 /* Build configuration list for PBXProject "InteractiveVideoPlayer" */ = {
			isa = XCConfigurationList;
			buildConfigurations = (
				F8325583276B7D60000650B0 /* Debug */,
				F8325584276B7D60000650B0 /* Release */,
			);
			defaultConfigurationIsVisible = 0;
			defaultConfigurationName = Release;
		};
		F8325585276B7D60000650B0 /* Build configuration list for PBXNativeTarget "InteractiveVideoPlayer" */ = {
			isa = XCConfigurationList;
			buildConfigurations = (
				F8325586276B7D60000650B0 /* Debug */,
				F8325587276B7D60000650B0 /* Release */,
			);
			defaultConfigurationIsVisible = 0;
			defaultConfigurationName = Release;
		};
/* End XCConfigurationList section */
	};
	rootObject = F832556E276B7D60000650B0 /* Project object */;
}
